{"filter":false,"title":"package-lock.json","tooltip":"/OldTownPizzaScheduler/package-lock.json","undoManager":{"mark":-1,"position":-1,"stack":[]},"ace":{"folds":[],"scrolltop":0,"scrollleft":0,"selection":{"start":{"row":0,"column":0},"end":{"row":0,"column":0},"isBackwards":false},"options":{"guessTabSize":true,"useWrapMode":false,"wrapToView":true},"firstLineState":{"row":79,"state":"start","mode":"ace/mode/json"}},"timestamp":1551986884229,"hash":"9aed7f069a360a385d2c7a6b2f1785b6bb7f5d78"}